# This file is automatically @generated by Cargo.
# It is not intended for manual editing.
version = 4

[[package]]
name = "nscript-cli"
version = "0.1.0"
dependencies = [
 "nscript-semantics",
 "nscript-syntax",
]

[[package]]
name = "nscript-semantics"
version = "0.1.0"
dependencies = [
 "nscript-syntax",
]

[[package]]
name = "nscript-syntax"
version = "0.1.0"
